// !$*UTF8*$!
{
	archiveVersion = 1;
	classes = {
	};
	objectVersion = 46;
	objects = {

/* Begin PBXBuildFile section */
		7A09F3B01F53945800261426 /* Smash.xcdatamodeld in Sources */ = {isa = PBXBuildFile; fileRef = 7A09F3AE1F53945800261426 /* Smash.xcdatamodeld */; };
		7A09F3B21F53995300261426 /* Tweet.swift in Sources */ = {isa = PBXBuildFile; fileRef = 7A09F3B11F53995300261426 /* Tweet.swift */; };
		7A09F3B41F53997900261426 /* TwitterUser.swift in Sources */ = {isa = PBXBuildFile; fileRef = 7A09F3B31F53997900261426 /* TwitterUser.swift */; };
		7A09F3B61F53AD4700261426 /* SmashTweetTableViewController.swift in Sources */ = {isa = PBXBuildFile; fileRef = 7A09F3B51F53AD4700261426 /* SmashTweetTableViewController.swift */; };
		7A09F3B81F53CA4800261426 /* SmashTweetersTableViewController.swift in Sources */ = {isa = PBXBuildFile; fileRef = 7A09F3B71F53CA4800261426 /* SmashTweetersTableViewController.swift */; };
		7A09F3BA1F53D04700261426 /* FetchedResultsTableViewController.swift in Sources */ = {isa = PBXBuildFile; fileRef = 7A09F3B91F53D04700261426 /* FetchedResultsTableViewController.swift */; };
		7A09F3BC1F53D36A00261426 /* UITableViewControllerThatUsesNSFetchedResultsController.swift in Sources */ = {isa = PBXBuildFile; fileRef = 7A09F3BB1F53D36A00261426 /* UITableViewControllerThatUsesNSFetchedResultsController.swift */; };
		7AB9A5DD1F304E9200F43BDC /* AppDelegate.swift in Sources */ = {isa = PBXBuildFile; fileRef = 7AB9A5DC1F304E9200F43BDC /* AppDelegate.swift */; };
		7AB9A5E21F304E9200F43BDC /* Main.storyboard in Resources */ = {isa = PBXBuildFile; fileRef = 7AB9A5E01F304E9200F43BDC /* Main.storyboard */; };
		7AB9A5E41F304E9200F43BDC /* Assets.xcassets in Resources */ = {isa = PBXBuildFile; fileRef = 7AB9A5E31F304E9200F43BDC /* Assets.xcassets */; };
		7AB9A5E71F304E9200F43BDC /* LaunchScreen.storyboard in Resources */ = {isa = PBXBuildFile; fileRef = 7AB9A5E51F304E9200F43BDC /* LaunchScreen.storyboard */; };
		7AB9A5F01F304F4B00F43BDC /* TweetTableViewController.swift in Sources */ = {isa = PBXBuildFile; fileRef = 7AB9A5EF1F304F4B00F43BDC /* TweetTableViewController.swift */; };
		7AB9A5F21F30539C00F43BDC /* Twitter.framework in Frameworks */ = {isa = PBXBuildFile; fileRef = 7AB9A5F11F30539C00F43BDC /* Twitter.framework */; };
		7AB9A5F31F30539C00F43BDC /* Twitter.framework in Embed Frameworks */ = {isa = PBXBuildFile; fileRef = 7AB9A5F11F30539C00F43BDC /* Twitter.framework */; settings = {ATTRIBUTES = (CodeSignOnCopy, RemoveHeadersOnCopy, ); }; };
		7AB9A5F61F305DC200F43BDC /* TweetTableViewCell.swift in Sources */ = {isa = PBXBuildFile; fileRef = 7AB9A5F51F305DC200F43BDC /* TweetTableViewCell.swift */; };
/* End PBXBuildFile section */

/* Begin PBXCopyFilesBuildPhase section */
		7AB9A5F41F30539C00F43BDC /* Embed Frameworks */ = {
			isa = PBXCopyFilesBuildPhase;
			buildActionMask = 2147483647;
			dstPath = "";
			dstSubfolderSpec = 10;
			files = (
				7AB9A5F31F30539C00F43BDC /* Twitter.framework in Embed Frameworks */,
			);
			name = "Embed Frameworks";
			runOnlyForDeploymentPostprocessing = 0;
		};
/* End PBXCopyFilesBuildPhase section */

/* Begin PBXFileReference section */
		7A09F3AF1F53945800261426 /* Smash.xcdatamodel */ = {isa = PBXFileReference; lastKnownFileType = wrapper.xcdatamodel; path = Smash.xcdatamodel; sourceTree = "<group>"; };
		7A09F3B11F53995300261426 /* Tweet.swift */ = {isa = PBXFileReference; fileEncoding = 4; lastKnownFileType = sourcecode.swift; path = Tweet.swift; sourceTree = "<group>"; };
		7A09F3B31F53997900261426 /* TwitterUser.swift */ = {isa = PBXFileReference; fileEncoding = 4; lastKnownFileType = sourcecode.swift; path = TwitterUser.swift; sourceTree = "<group>"; };
		7A09F3B51F53AD4700261426 /* SmashTweetTableViewController.swift */ = {isa = PBXFileReference; fileEncoding = 4; lastKnownFileType = sourcecode.swift; path = SmashTweetTableViewController.swift; sourceTree = "<group>"; };
		7A09F3B71F53CA4800261426 /* SmashTweetersTableViewController.swift */ = {isa = PBXFileReference; fileEncoding = 4; lastKnownFileType = sourcecode.swift; path = SmashTweetersTableViewController.swift; sourceTree = "<group>"; };
		7A09F3B91F53D04700261426 /* FetchedResultsTableViewController.swift */ = {isa = PBXFileReference; fileEncoding = 4; lastKnownFileType = sourcecode.swift; path = FetchedResultsTableViewController.swift; sourceTree = "<group>"; };
		7A09F3BB1F53D36A00261426 /* UITableViewControllerThatUsesNSFetchedResultsController.swift */ = {isa = PBXFileReference; fileEncoding = 4; lastKnownFileType = sourcecode.swift; path = UITableViewControllerThatUsesNSFetchedResultsController.swift; sourceTree = "<group>"; };
		7AB9A5D91F304E9200F43BDC /* Smashtag.app */ = {isa = PBXFileReference; explicitFileType = wrapper.application; includeInIndex = 0; path = Smashtag.app; sourceTree = BUILT_PRODUCTS_DIR; };
		7AB9A5DC1F304E9200F43BDC /* AppDelegate.swift */ = {isa = PBXFileReference; lastKnownFileType = sourcecode.swift; path = AppDelegate.swift; sourceTree = "<group>"; };
		7AB9A5E11F304E9200F43BDC /* Base */ = {isa = PBXFileReference; lastKnownFileType = file.storyboard; name = Base; path = Base.lproj/Main.storyboard; sourceTree = "<group>"; };
		7AB9A5E31F304E9200F43BDC /* Assets.xcassets */ = {isa = PBXFileReference; lastKnownFileType = folder.assetcatalog; path = Assets.xcassets; sourceTree = "<group>"; };
		7AB9A5E61F304E9200F43BDC /* Base */ = {isa = PBXFileReference; lastKnownFileType = file.storyboard; name = Base; path = Base.lproj/LaunchScreen.storyboard; sourceTree = "<group>"; };
		7AB9A5E81F304E9200F43BDC /* Info.plist */ = {isa = PBXFileReference; lastKnownFileType = text.plist.xml; path = Info.plist; sourceTree = "<group>"; };
		7AB9A5EF1F304F4B00F43BDC /* TweetTableViewController.swift */ = {isa = PBXFileReference; fileEncoding = 4; lastKnownFileType = sourcecode.swift; path = TweetTableViewController.swift; sourceTree = "<group>"; };
		7AB9A5F11F30539C00F43BDC /* Twitter.framework */ = {isa = PBXFileReference; explicitFileType = wrapper.framework; path = Twitter.framework; sourceTree = BUILT_PRODUCTS_DIR; };
		7AB9A5F51F305DC200F43BDC /* TweetTableViewCell.swift */ = {isa = PBXFileReference; fileEncoding = 4; lastKnownFileType = sourcecode.swift; path = TweetTableViewCell.swift; sourceTree = "<group>"; };
/* End PBXFileReference section */

/* Begin PBXFrameworksBuildPhase section */
		7AB9A5D61F304E9200F43BDC /* Frameworks */ = {
			isa = PBXFrameworksBuildPhase;
			buildActionMask = 2147483647;
			files = (
				7AB9A5F21F30539C00F43BDC /* Twitter.framework in Frameworks */,
			);
			runOnlyForDeploymentPostprocessing = 0;
		};
/* End PBXFrameworksBuildPhase section */

/* Begin PBXGroup section */
		7AB9A5D01F304E9200F43BDC = {
			isa = PBXGroup;
			children = (
				7AB9A5F11F30539C00F43BDC /* Twitter.framework */,
				7AB9A5DB1F304E9200F43BDC /* Smashtag */,
				7AB9A5DA1F304E9200F43BDC /* Products */,
			);
			sourceTree = "<group>";
		};
		7AB9A5DA1F304E9200F43BDC /* Products */ = {
			isa = PBXGroup;
			children = (
				7AB9A5D91F304E9200F43BDC /* Smashtag.app */,
			);
			name = Products;
			sourceTree = "<group>";
		};
		7AB9A5DB1F304E9200F43BDC /* Smashtag */ = {
			isa = PBXGroup;
			children = (
				7AB9A5E01F304E9200F43BDC /* Main.storyboard */,
				7A09F3B71F53CA4800261426 /* SmashTweetersTableViewController.swift */,
				7A09F3AE1F53945800261426 /* Smash.xcdatamodeld */,
				7A09F3B11F53995300261426 /* Tweet.swift */,
				7A09F3B31F53997900261426 /* TwitterUser.swift */,
				7AB9A5EF1F304F4B00F43BDC /* TweetTableViewController.swift */,
				7A09F3B51F53AD4700261426 /* SmashTweetTableViewController.swift */,
				7AB9A5F51F305DC200F43BDC /* TweetTableViewCell.swift */,
				7AB9A5E81F304E9200F43BDC /* Info.plist */,
				7A09F3B91F53D04700261426 /* FetchedResultsTableViewController.swift */,
				7A09F3BB1F53D36A00261426 /* UITableViewControllerThatUsesNSFetchedResultsController.swift */,
				7AB9A5EE1F304EB300F43BDC /* Supporting Files */,
			);
			path = Smashtag;
			sourceTree = "<group>";
		};
		7AB9A5EE1F304EB300F43BDC /* Supporting Files */ = {
			isa = PBXGroup;
			children = (
				7AB9A5DC1F304E9200F43BDC /* AppDelegate.swift */,
				7AB9A5E31F304E9200F43BDC /* Assets.xcassets */,
				7AB9A5E51F304E9200F43BDC /* LaunchScreen.storyboard */,
			);
			name = "Supporting Files";
			sourceTree = "<group>";
		};
/* End PBXGroup section */

/* Begin PBXNativeTarget section */
		7AB9A5D81F304E9200F43BDC /* Smashtag */ = {
			isa = PBXNativeTarget;
			buildConfigurationList = 7AB9A5EB1F304E9200F43BDC /* Build configuration list for PBXNativeTarget "Smashtag" */;
			buildPhases = (
				7AB9A5D51F304E9200F43BDC /* Sources */,
				7AB9A5D61F304E9200F43BDC /* Frameworks */,
				7AB9A5D71F304E9200F43BDC /* Resources */,
				7AB9A5F41F30539C00F43BDC /* Embed Frameworks */,
			);
			buildRules = (
			);
			dependencies = (
			);
			name = Smashtag;
			productName = Smashtag;
			productReference = 7AB9A5D91F304E9200F43BDC /* Smashtag.app */;
			productType = "com.apple.product-type.application";
		};
/* End PBXNativeTarget section */

/* Begin PBXProject section */
		7AB9A5D11F304E9200F43BDC /* Project object */ = {
			isa = PBXProject;
			attributes = {
				LastSwiftUpdateCheck = 0830;
				LastUpgradeCheck = 0830;
				ORGANIZATIONNAME = "Red Raven Computing Studios";
				TargetAttributes = {
					7AB9A5D81F304E9200F43BDC = {
						CreatedOnToolsVersion = 8.3.3;
						DevelopmentTeam = V3GFNATBC5;
						ProvisioningStyle = Automatic;
					};
				};
			};
			buildConfigurationList = 7AB9A5D41F304E9200F43BDC /* Build configuration list for PBXProject "Smashtag" */;
			compatibilityVersion = "Xcode 3.2";
			developmentRegion = English;
			hasScannedForEncodings = 0;
			knownRegions = (
				en,
				Base,
			);
			mainGroup = 7AB9A5D01F304E9200F43BDC;
			productRefGroup = 7AB9A5DA1F304E9200F43BDC /* Products */;
			projectDirPath = "";
			projectRoot = "";
			targets = (
				7AB9A5D81F304E9200F43BDC /* Smashtag */,
			);
		};
/* End PBXProject section */

/* Begin PBXResourcesBuildPhase section */
		7AB9A5D71F304E9200F43BDC /* Resources */ = {
			isa = PBXResourcesBuildPhase;
			buildActionMask = 2147483647;
			files = (
				7AB9A5E71F304E9200F43BDC /* LaunchScreen.storyboard in Resources */,
				7AB9A5E41F304E9200F43BDC /* Assets.xcassets in Resources */,
				7AB9A5E21F304E9200F43BDC /* Main.storyboard in Resources */,
			);
			runOnlyForDeploymentPostprocessing = 0;
		};
/* End PBXResourcesBuildPhase section */

/* Begin PBXSourcesBuildPhase section */
		7AB9A5D51F304E9200F43BDC /* Sources */ = {
			isa = PBXSourcesBuildPhase;
			buildActionMask = 2147483647;
			files = (
				7A09F3B61F53AD4700261426 /* SmashTweetTableViewController.swift in Sources */,
				7A09F3BA1F53D04700261426 /* FetchedResultsTableViewController.swift in Sources */,
				7AB9A5DD1F304E9200F43BDC /* AppDelegate.swift in Sources */,
				7A09F3B21F53995300261426 /* Tweet.swift in Sources */,
				7A09F3B41F53997900261426 /* TwitterUser.swift in Sources */,
				7AB9A5F01F304F4B00F43BDC /* TweetTableViewController.swift in Sources */,
				7A09F3B01F53945800261426 /* Smash.xcdatamodeld in Sources */,
				7AB9A5F61F305DC200F43BDC /* TweetTableViewCell.swift in Sources */,
				7A09F3BC1F53D36A00261426 /* UITableViewControllerThatUsesNSFetchedResultsController.swift in Sources */,
				7A09F3B81F53CA4800261426 /* SmashTweetersTableViewController.swift in Sources */,
			);
			runOnlyForDeploymentPostprocessing = 0;
		};
/* End PBXSourcesBuildPhase section */

/* Begin PBXVariantGroup section */
		7AB9A5E01F304E9200F43BDC /* Main.storyboard */ = {
			isa = PBXVariantGroup;
			children = (
				7AB9A5E11F304E9200F43BDC /* Base */,
			);
			name = Main.storyboard;
			sourceTree = "<group>";
		};
		7AB9A5E51F304E9200F43BDC /* LaunchScreen.storyboard */ = {
			isa = PBXVariantGroup;
			children = (
				7AB9A5E61F304E9200F43BDC /* Base */,
			);
			name = LaunchScreen.storyboard;
			sourceTree = "<group>";
		};
/* End PBXVariantGroup section */

/* Begin XCBuildConfiguration section */
		7AB9A5E91F304E9200F43BDC /* Debug */ = {
			isa = XCBuildConfiguration;
			buildSettings = {
				ALWAYS_SEARCH_USER_PATHS = NO;
				CLANG_ANALYZER_NONNULL = YES;
				CLANG_ANALYZER_NUMBER_OBJECT_CONVERSION = YES_AGGRESSIVE;
				CLANG_CXX_LANGUAGE_STANDARD = "gnu++0x";
				CLANG_CXX_LIBRARY = "libc++";
				CLANG_ENABLE_MODULES = YES;
				CLANG_ENABLE_OBJC_ARC = YES;
				CLANG_WARN_BOOL_CONVERSION = YES;
				CLANG_WARN_CONSTANT_CONVERSION = YES;
				CLANG_WARN_DIRECT_OBJC_ISA_USAGE = YES_ERROR;
				CLANG_WARN_DOCUMENTATION_COMMENTS = YES;
				CLANG_WARN_EMPTY_BODY = YES;
				CLANG_WARN_ENUM_CONVERSION = YES;
				CLANG_WARN_INFINITE_RECURSION = YES;
				CLANG_WARN_INT_CONVERSION = YES;
				CLANG_WARN_OBJC_ROOT_CLASS = YES_ERROR;
				CLANG_WARN_SUSPICIOUS_MOVE = YES;
				CLANG_WARN_UNREACHABLE_CODE = YES;
				CLANG_WARN__DUPLICATE_METHOD_MATCH = YES;
				"CODE_SIGN_IDENTITY[sdk=iphoneos*]" = "iPhone Developer";
				COPY_PHASE_STRIP = NO;
				DEBUG_INFORMATION_FORMAT = dwarf;
				ENABLE_STRICT_OBJC_MSGSEND = YES;
				ENABLE_TESTABILITY = YES;
				GCC_C_LANGUAGE_STANDARD = gnu99;
				GCC_DYNAMIC_NO_PIC = NO;
				GCC_NO_COMMON_BLOCKS = YES;
				GCC_OPTIMIZATION_LEVEL = 0;
				GCC_PREPROCESSOR_DEFINITIONS = (
					"DEBUG=1",
					"$(inherited)",
				);
				GCC_WARN_64_TO_32_BIT_CONVERSION = YES;
				GCC_WARN_ABOUT_RETURN_TYPE = YES_ERROR;
				GCC_WARN_UNDECLARED_SELECTOR = YES;
				GCC_WARN_UNINITIALIZED_AUTOS = YES_AGGRESSIVE;
				GCC_WARN_UNUSED_FUNCTION = YES;
				GCC_WARN_UNUSED_VARIABLE = YES;
				IPHONEOS_DEPLOYMENT_TARGET = 10.3;
				MTL_ENABLE_DEBUG_INFO = YES;
				ONLY_ACTIVE_ARCH = YES;
				SDKROOT = iphoneos;
				SWIFT_ACTIVE_COMPILATION_CONDITIONS = DEBUG;
				SWIFT_OPTIMIZATION_LEVEL = "-Onone";
			};
			name = Debug;
		};
		7AB9A5EA1F304E9200F43BDC /* Release */ = {
			isa = XCBuildConfiguration;
			buildSettings = {
				ALWAYS_SEARCH_USER_PATHS = NO;
				CLANG_ANALYZER_NONNULL = YES;
				CLANG_ANALYZER_NUMBER_OBJECT_CONVERSION = YES_AGGRESSIVE;
				CLANG_CXX_LANGUAGE_STANDARD = "gnu++0x";
				CLANG_CXX_LIBRARY = "libc++";
				CLANG_ENABLE_MODULES = YES;
				CLANG_ENABLE_OBJC_ARC = YES;
				CLANG_WARN_BOOL_CONVERSION = YES;
				CLANG_WARN_CONSTANT_CONVERSION = YES;
				CLANG_WARN_DIRECT_OBJC_ISA_USAGE = YES_ERROR;
				CLANG_WARN_DOCUMENTATION_COMMENTS = YES;
				CLANG_WARN_EMPTY_BODY = YES;
				CLANG_WARN_ENUM_CONVERSION = YES;
				CLANG_WARN_INFINITE_RECURSION = YES;
				CLANG_WARN_INT_CONVERSION = YES;
				CLANG_WARN_OBJC_ROOT_CLASS = YES_ERROR;
				CLANG_WARN_SUSPICIOUS_MOVE = YES;
				CLANG_WARN_UNREACHABLE_CODE = YES;
				CLANG_WARN__DUPLICATE_METHOD_MATCH = YES;
				"CODE_SIGN_IDENTITY[sdk=iphoneos*]" = "iPhone Developer";
				COPY_PHASE_STRIP = NO;
				DEBUG_INFORMATION_FORMAT = "dwarf-with-dsym";
				ENABLE_NS_ASSERTIONS = NO;
				ENABLE_STRICT_OBJC_MSGSEND = YES;
				GCC_C_LANGUAGE_STANDARD = gnu99;
				GCC_NO_COMMON_BLOCKS = YES;
				GCC_WARN_64_TO_32_BIT_CONVERSION = YES;
				GCC_WARN_ABOUT_RETURN_TYPE = YES_ERROR;
				GCC_WARN_UNDECLARED_SELECTOR = YES;
				GCC_WARN_UNINITIALIZED_AUTOS = YES_AGGRESSIVE;
				GCC_WARN_UNUSED_FUNCTION = YES;
				GCC_WARN_UNUSED_VARIABLE = YES;
				IPHONEOS_DEPLOYMENT_TARGET = 10.3;
				MTL_ENABLE_DEBUG_INFO = NO;
				SDKROOT = iphoneos;
				SWIFT_OPTIMIZATION_LEVEL = "-Owholemodule";
				VALIDATE_PRODUCT = YES;
			};
			name = Release;
		};
		7AB9A5EC1F304E9200F43BDC /* Debug */ = {
			isa = XCBuildConfiguration;
			buildSettings = {
				ASSETCATALOG_COMPILER_APPICON_NAME = AppIcon;
				DEVELOPMENT_TEAM = V3GFNATBC5;
				INFOPLIST_FILE = Smashtag/Info.plist;
				LD_RUNPATH_SEARCH_PATHS = "$(inherited) @executable_path/Frameworks";
				PRODUCT_BUNDLE_IDENTIFIER = com.redravencompuint.cs193p.Smashtag;
				PRODUCT_NAME = "$(TARGET_NAME)";
				SWIFT_VERSION = 3.0;
			};
			name = Debug;
		};
		7AB9A5ED1F304E9200F43BDC /* Release */ = {
			isa = XCBuildConfiguration;
			buildSettings = {
				ASSETCATALOG_COMPILER_APPICON_NAME = AppIcon;
				DEVELOPMENT_TEAM = V3GFNATBC5;
				INFOPLIST_FILE = Smashtag/Info.plist;
				LD_RUNPATH_SEARCH_PATHS = "$(inherited) @executable_path/Frameworks";
				PRODUCT_BUNDLE_IDENTIFIER = com.redravencompuint.cs193p.Smashtag;
				PRODUCT_NAME = "$(TARGET_NAME)";
				SWIFT_VERSION = 3.0;
			};
			name = Release;
		};
/* End XCBuildConfiguration section */

/* Begin XCConfigurationList section */
		7AB9A5D41F304E9200F43BDC /* Build configuration list for PBXProject "Smashtag" */ = {
			isa = XCConfigurationList;
			buildConfigurations = (
				7AB9A5E91F304E9200F43BDC /* Debug */,
				7AB9A5EA1F304E9200F43BDC /* Release */,
			);
			defaultConfigurationIsVisible = 0;
			defaultConfigurationName = Release;
		};
		7AB9A5EB1F304E9200F43BDC /* Build configuration list for PBXNativeTarget "Smashtag" */ = {
			isa = XCConfigurationList;
			buildConfigurations = (
				7AB9A5EC1F304E9200F43BDC /* Debug */,
				7AB9A5ED1F304E9200F43BDC /* Release */,
			);
			defaultConfigurationIsVisible = 0;
			defaultConfigurationName = Release;
		};
/* End XCConfigurationList section */

/* Begin XCVersionGroup section */
		7A09F3AE1F53945800261426 /* Smash.xcdatamodeld */ = {
			isa = XCVersionGroup;
			children = (
				7A09F3AF1F53945800261426 /* Smash.xcdatamodel */,
			);
			currentVersion = 7A09F3AF1F53945800261426 /* Smash.xcdatamodel */;
			path = Smash.xcdatamodeld;
			sourceTree = "<group>";
			versionGroupType = wrapper.xcdatamodel;
		};
/* End XCVersionGroup section */
	};
	rootObject = 7AB9A5D11F304E9200F43BDC /* Project object */;
}
